{
  "name": "@godismyjudgebro/prettier-config",
  "version": "1.0.0",
  "lockfileVersion": 2,
  "requires": true,
  "packages": {
    "": {
      "name": "@godismyjudgebro/prettier-config",
      "version": "1.0.0",
      "funding": [
        {
          "type": "personal",
          "url": "https://godismyjudgebro.com/donate"
        },
        {
          "type": "github",
          "url": "https://github.com/sponsors/godismyjudgebro"
        },
        {
          "type": "patreon",
          "url": "https://www.patreon.com/godismyjudgebro"
        },
        {
          "type": "paypal",
          "url": "https://paypal.me/godismyjudgebro"
        }
      ],
      "license": "MIT",
      "dependencies": {
        "prettier": "2.7.1"
      }
    },
    "../eslint-config": {
      "name": "@godismyjudgebro/eslint-config",
      "version": "1.0.0",
      "extraneous": true,
      "funding": [
        {
          "type": "personal",
          "url": "https://godismyjudgebro.com/donate"
        },
        {
          "type": "github",
          "url": "https://github.com/sponsors/godismyjudgebro"
        },
        {
          "type": "patreon",
          "url": "https://www.patreon.com/godismyjudgebro"
        },
        {
          "type": "paypal",
          "url": "https://paypal.me/godismyjudgebro"
        }
      ],
      "license": "MIT",
      "devDependencies": {
        "eslint": "^8.23.1",
        "eslint-config-prettier": "^8.5.0",
        "prettier": "2.7.1"
      },
      "optionalDependencies": {
        "@typescript-eslint/eslint-plugin": "^5.38.0",
        "@typescript-eslint/parser": "^5.38.0"
      },
      "peerDependencies": {
        "eslint": "^8.0.1",
        "eslint-config-standard": "^17.0.0",
        "eslint-plugin-import": "^2.26.0",
        "eslint-plugin-n": "^15.3.0",
        "eslint-plugin-promise": "^6.0.1"
      }
    },
    "node_modules/prettier": {
      "version": "2.7.1",
      "resolved": "https://registry.npmjs.org/prettier/-/prettier-2.7.1.tgz",
      "integrity": "sha512-ujppO+MkdPqoVINuDFDRLClm7D78qbDt0/NR+wp5FqEZOoTNAjPHWj17QRhu7geIHJfcNhRk1XVQmF8Bp3ye+g==",
      "bin": {
        "prettier": "bin-prettier.js"
      },
      "engines": {
        "node": ">=10.13.0"
      },
      "funding": {
        "url": "https://github.com/prettier/prettier?sponsor=1"
      }
    }
  },
  "dependencies": {
    "prettier": {
      "version": "2.7.1",
      "resolved": "https://registry.npmjs.org/prettier/-/prettier-2.7.1.tgz",
      "integrity": "sha512-ujppO+MkdPqoVINuDFDRLClm7D78qbDt0/NR+wp5FqEZOoTNAjPHWj17QRhu7geIHJfcNhRk1XVQmF8Bp3ye+g=="
    }
  }
}
